{
  "name": "playground",
  "version": "1.0.0",
  "type": "module",
  "scripts": {
    "dev": "vite"
  },
  "dependencies": {
    "react": "^19.0.0",
    "react-dom": "^19.0.0"
  },
  "devDependencies": {
    "@types/react": "^19.0.0",
    "@types/react-dom": "^19.0.0",
    "@vitejs/plugin-react": "^latest",
    "typescript": "^latest",
    "vite": "^latest"
  }
}